
Microsoft Visual Studio Solution File, Format Version 12.00
# Visual Studio Version 16
VisualStudioVersion = 16.0.30204.135
MinimumVisualStudioVersion = 10.0.40219.1
Project("{9A19103F-16F7-4668-BE54-9A1E7A4F7556}") = "SmartScript-NETCore", "SmartScript-NETCore.csproj", "{18EC99A5-0877-46FC-9C79-4121B17261AB}"
EndProject
Global
	GlobalSection(SolutionConfigurationPlatforms) = preSolution
		Debug|Any CPU = Debug|Any CPU
		Release|Any CPU = Release|Any CPU
	EndGlobalSection
	GlobalSection(ProjectConfigurationPlatforms) = postSolution
		{18EC99A5-0877-46FC-9C79-4121B17261AB}.Debug|Any CPU.ActiveCfg = Debug|Any CPU
		{18EC99A5-0877-46FC-9C79-4121B17261AB}.Debug|Any CPU.Build.0 = Debug|Any CPU
		{18EC99A5-0877-46FC-9C79-4121B17261AB}.Release|Any CPU.ActiveCfg = Release|Any CPU
		{18EC99A5-0877-46FC-9C79-4121B17261AB}.Release|Any CPU.Build.0 = Release|Any CPU
	EndGlobalSection
	GlobalSection(SolutionProperties) = preSolution
		HideSolutionNode = FALSE
	EndGlobalSection
	GlobalSection(ExtensibilityGlobals) = postSolution
		SolutionGuid = {8F9B06E7-4C0A-45D7-AD6B-433F1980E8C1}
	EndGlobalSection
EndGlobal
